
Microsoft Visual Studio Solution File, Format Version 12.00
# Visual Studio Version 17
VisualStudioVersion = 17.11.35312.102
MinimumVisualStudioVersion = 10.0.40219.1
Project("{8BC9CEB8-8B4A-11D0-8D11-00A0C91BC942}") = "lab9", "lab9.vcxproj", "{37DD0E81-C10B-45AF-8813-5BDD1B9F494C}"
EndProject
Project("{8BC9CEB8-8B4A-11D0-8D11-00A0C91BC942}") = "UnitTest", "..\UnitTest\UnitTest.vcxproj", "{1269F9EA-7B8A-4CFE-A5AF-77F7F1E17E39}"
EndProject
Global
	GlobalSection(SolutionConfigurationPlatforms) = preSolution
		Debug|x64 = Debug|x64
		Debug|x86 = Debug|x86
		Release|x64 = Release|x64
		Release|x86 = Release|x86
	EndGlobalSection
	GlobalSection(ProjectConfigurationPlatforms) = postSolution
		{37DD0E81-C10B-45AF-8813-5BDD1B9F494C}.Debug|x64.ActiveCfg = Debug|x64
		{37DD0E81-C10B-45AF-8813-5BDD1B9F494C}.Debug|x64.Build.0 = Debug|x64
		{37DD0E81-C10B-45AF-8813-5BDD1B9F494C}.Debug|x86.ActiveCfg = Debug|Win32
		{37DD0E81-C10B-45AF-8813-5BDD1B9F494C}.Debug|x86.Build.0 = Debug|Win32
		{37DD0E81-C10B-45AF-8813-5BDD1B9F494C}.Release|x64.ActiveCfg = Release|x64
		{37DD0E81-C10B-45AF-8813-5BDD1B9F494C}.Release|x64.Build.0 = Release|x64
		{37DD0E81-C10B-45AF-8813-5BDD1B9F494C}.Release|x86.ActiveCfg = Release|Win32
		{37DD0E81-C10B-45AF-8813-5BDD1B9F494C}.Release|x86.Build.0 = Release|Win32
		{1269F9EA-7B8A-4CFE-A5AF-77F7F1E17E39}.Debug|x64.ActiveCfg = Debug|x64
		{1269F9EA-7B8A-4CFE-A5AF-77F7F1E17E39}.Debug|x64.Build.0 = Debug|x64
		{1269F9EA-7B8A-4CFE-A5AF-77F7F1E17E39}.Debug|x86.ActiveCfg = Debug|Win32
		{1269F9EA-7B8A-4CFE-A5AF-77F7F1E17E39}.Debug|x86.Build.0 = Debug|Win32
		{1269F9EA-7B8A-4CFE-A5AF-77F7F1E17E39}.Release|x64.ActiveCfg = Release|x64
		{1269F9EA-7B8A-4CFE-A5AF-77F7F1E17E39}.Release|x64.Build.0 = Release|x64
		{1269F9EA-7B8A-4CFE-A5AF-77F7F1E17E39}.Release|x86.ActiveCfg = Release|Win32
		{1269F9EA-7B8A-4CFE-A5AF-77F7F1E17E39}.Release|x86.Build.0 = Release|Win32
	EndGlobalSection
	GlobalSection(SolutionProperties) = preSolution
		HideSolutionNode = FALSE
	EndGlobalSection
	GlobalSection(ExtensibilityGlobals) = postSolution
		SolutionGuid = {1D92FF8F-BEC3-4181-95B6-76F78A405B55}
	EndGlobalSection
EndGlobal
